{
  "name": "component.delegate",
  "version": "1.0.0",
  "lockfileVersion": 1,
  "requires": true,
  "dependencies": {
    "component": {
      "version": "git+https://github.com/marchuanv/component.git#65dfc4658d1fdf629beb311b3eb66be0944604cc",
      "from": "git+https://github.com/marchuanv/component.git"
    },
    "component.config": {
      "version": "git+https://github.com/marchuanv/component.config.git#34da41b8e9c8f557af02eda25f0d119616e42503",
      "from": "git+https://github.com/marchuanv/component.config.git",
      "requires": {
        "component": "git+https://github.com/marchuanv/component.git"
      }
    },
    "component.logging": {
      "version": "git+https://github.com/marchuanv/component.logging.git#07e7647b440cc14e74bd8cebca12a184ec41daf7",
      "from": "git+https://github.com/marchuanv/component.logging.git",
      "requires": {
        "component": "git+https://github.com/marchuanv/component.git",
        "component.config": "git+https://github.com/marchuanv/component.config.git",
        "utils": "git+https://github.com/marchuanv/utils.git"
      }
    },
    "utils": {
      "version": "git+https://github.com/marchuanv/utils.git#3815045a6d4d37009a90eb10e50566118bb1d8f9",
      "from": "git+https://github.com/marchuanv/utils.git"
    }
  }
}
