{
  "name": "component.delegate",
  "version": "1.0.0",
  "lockfileVersion": 1,
  "requires": true,
  "dependencies": {
    "logging": {
      "version": "git+https://github.com/marchuanv/logging.git#8d848231cf65b8dbb3528132c96c9e924ff46acd",
      "from": "git+https://github.com/marchuanv/logging.git",
      "requires": {
        "utils": "git+https://github.com/marchuanv/utils.git"
      }
    },
    "utils": {
      "version": "git+https://github.com/marchuanv/utils.git#6ea14ae995e6d26ae1a07ecb3a299596c6935812",
      "from": "git+https://github.com/marchuanv/utils.git"
    }
  }
}
