{
  "name": "component.test",
  "version": "1.0.0",
  "lockfileVersion": 1,
  "requires": true,
  "dependencies": {
    "component": {
      "version": "github:marchuanv/component#4f7b1259bb3749e214b13952eba5d841b9976bc2",
      "from": "github:marchuanv/component",
      "requires": {
        "component.logging": "github:marchuanv/component.logging",
        "component.messagebus": "github:marchuanv/component.messagebus",
        "utils": "github:marchuanv/utils"
      }
    },
    "component.communication": {
      "version": "github:marchuanv/component.communication#5ac3ca48c562d305730a7583be0324253b847f9a",
      "from": "github:marchuanv/component.communication",
      "requires": {
        "component.logging": "github:marchuanv/component.logging"
      }
    },
    "component.logging": {
      "version": "github:marchuanv/component.logging#74b31dcbda8d872755b97b4e51bb3cecbc2169f8",
      "from": "github:marchuanv/component.logging",
      "requires": {
        "utils": "github:marchuanv/utils"
      }
    },
    "component.messagebus": {
      "version": "github:marchuanv/component.messagebus#b78c6a8b3ad3e136ae9ccd6e469b7a291f1c2878",
      "from": "github:marchuanv/component.messagebus",
      "requires": {
        "component.communication": "github:marchuanv/component.communication",
        "utils": "github:marchuanv/utils"
      }
    },
    "utils": {
      "version": "github:marchuanv/utils#3815045a6d4d37009a90eb10e50566118bb1d8f9",
      "from": "github:marchuanv/utils"
    }
  }
}
